# THIS IS AN AUTOGENERATED FILE. DO NOT EDIT THIS FILE DIRECTLY.
# yarn lockfile v1


angular-pretty-xml@^0.1.1:
  version "0.1.1"
  resolved "https://registry.yarnpkg.com/angular-pretty-xml/-/angular-pretty-xml-0.1.1.tgz#7352ceba506ad4ec03aa06fe931719d8661d73dc"
  integrity sha1-c1LOulBq1OwDqgb+kxcZ2GYdc9w=

angular-selectizejs@^0.1.7:
  version "0.1.7"
  resolved "https://registry.yarnpkg.com/angular-selectizejs/-/angular-selectizejs-0.1.7.tgz#3edae08bd03574038860c496bacc82bf24b23d89"
  integrity sha1-Ptrgi9A1dAOIYMSWusyCvySyPYk=

angular-ui-codemirror@^0.3.0:
  version "0.3.0"
  resolved "https://registry.yarnpkg.com/angular-ui-codemirror/-/angular-ui-codemirror-0.3.0.tgz#e4286fc50f393f2a6e697c1bf3170424e12cbb60"
  integrity sha1-5ChvxQ85PypuaXwb8xcEJOEsu2A=

angularjs@latest:
  version "0.0.1"
  resolved "https://registry.yarnpkg.com/angularjs/-/angularjs-0.0.1.tgz#496f50c7141515e741ea976de891def0838b3f19"
  integrity sha1-SW9QxxQVFedB6pdt6JHe8IOLPxk=

ansicolors@~0.2.1:
  version "0.2.1"
  resolved "https://registry.yarnpkg.com/ansicolors/-/ansicolors-0.2.1.tgz#be089599097b74a5c9c4a84a0cdbcdb62bd87aef"
  integrity sha1-vgiVmQl7dKXJxKhKDNvNtivYeu8=

async@^2.6.0:
  version "2.6.3"
  resolved "https://registry.yarnpkg.com/async/-/async-2.6.3.tgz#d72625e2344a3656e3a3ad4fa749fa83299d82ff"
  integrity sha512-zflvls11DCy+dQWzTW2dzuilv8Z5X/pjfmZOWba6TNIVDm+2UDaJmXSOXlasHKfNBs8oo3M0aT50fDEWfKZjXg==
  dependencies:
    lodash "^4.17.14"

cardinal@^1.0.0:
  version "1.0.0"
  resolved "https://registry.yarnpkg.com/cardinal/-/cardinal-1.0.0.tgz#50e21c1b0aa37729f9377def196b5a9cec932ee9"
  integrity sha1-UOIcGwqjdyn5N33vGWtanOyTLuk=
  dependencies:
    ansicolors "~0.2.1"
    redeyed "~1.0.0"

csv-parse@^2.0.0:
  version "2.5.0"
  resolved "https://registry.yarnpkg.com/csv-parse/-/csv-parse-2.5.0.tgz#65748997ecc3719c594622db1b9ea0e2eb7d56bb"
  integrity sha512-4OcjOJQByI0YDU5COYw9HAqjo8/MOLLmT9EKyMCXUzgvh30vS1SlMK+Ho84IH5exN44cSnrYecw/7Zpu2m4lkA==

esprima@~3.0.0:
  version "3.0.0"
  resolved "https://registry.yarnpkg.com/esprima/-/esprima-3.0.0.tgz#53cf247acda77313e551c3aa2e73342d3fb4f7d9"
  integrity sha1-U88kes2ncxPlUcOqLnM0LT+099k=

humanize@^0.0.9:
  version "0.0.9"
  resolved "https://registry.yarnpkg.com/humanize/-/humanize-0.0.9.tgz#1994ffaecdfe9c441ed2bdac7452b7bb4c9e41a4"
  integrity sha1-GZT/rs3+nEQe0r2sdFK3u0yeQaQ=

jquery@^3.4.1:
  version "3.6.0"
  resolved "https://registry.yarnpkg.com/jquery/-/jquery-3.6.0.tgz#c72a09f15c1bdce142f49dbf1170bdf8adac2470"
  integrity sha512-JVzAR/AjBvVt2BmYhxRCSYysDsPcssdmTFnzyLEts9qNwmjmu4JTAMYubEfwVOSwpQ1I1sKKFcxhZCI2buerfw==

jsonformatter@^0.7.0:
  version "0.7.0"
  resolved "https://registry.yarnpkg.com/jsonformatter/-/jsonformatter-0.7.0.tgz#b1bc620299cf7216b67a93cc047f8e69de6fb9c9"
  integrity sha512-5+cKiuSK+jxgycpC6Pcs4uj15dd4NRim8f7fLlDwxtuelOe9awp94I4MC4BPDQxSfNoN99dTliqczNSVat2+DA==

lodash@^4.17.14:
  version "4.17.15"
  resolved "https://registry.yarnpkg.com/lodash/-/lodash-4.17.15.tgz#b447f6670a0455bbfeedd11392eff330ea097548"
  integrity sha512-8xOcRHvCjnocdS5cpwXQXVzmmh5e5+saE2QGoeQmbKmRS6J3VQppPOIt0MnmE+4xlZoumy0GPG0D0MVIQbNA1A==

microplugin@0.0.3:
  version "0.0.3"
  resolved "https://registry.yarnpkg.com/microplugin/-/microplugin-0.0.3.tgz#1fc2e1bb7c9e19e82bd84bba9137bbe71250d8cd"
  integrity sha1-H8Lhu3yeGegr2Eu6kTe75xJQ2M0=

minimist@~0.0.1:
  version "0.0.10"
  resolved "https://registry.yarnpkg.com/minimist/-/minimist-0.0.10.tgz#de3f98543dbf96082be48ad1a0c7cda836301dcf"
  integrity sha1-3j+YVD2/lggr5IrRoMfNqDYwHc8=

optimist@^0.6.1:
  version "0.6.1"
  resolved "https://registry.yarnpkg.com/optimist/-/optimist-0.6.1.tgz#da3ea74686fa21a19a111c326e90eb15a0196686"
  integrity sha1-2j6nRob6IaGaERwybpDrFaAZZoY=
  dependencies:
    minimist "~0.0.1"
    wordwrap "~0.0.2"

redeyed@~1.0.0:
  version "1.0.1"
  resolved "https://registry.yarnpkg.com/redeyed/-/redeyed-1.0.1.tgz#e96c193b40c0816b00aec842698e61185e55498a"
  integrity sha1-6WwZO0DAgWsArshCaY5hGF5VSYo=
  dependencies:
    esprima "~3.0.0"

selectize@^0.12.6:
  version "0.12.6"
  resolved "https://registry.yarnpkg.com/selectize/-/selectize-0.12.6.tgz#c2cf08cbaa4cb06c5e99bb452919d71b080690d6"
  integrity sha512-bWO5A7G+I8+QXyjLfQUgh31VI4WKYagUZQxAXlDyUmDDNrFxrASV0W9hxCOl0XJ/XQ1dZEu3G9HjXV4Wj0yb6w==
  dependencies:
    microplugin "0.0.3"
    sifter "^0.5.1"

sifter@^0.5.1:
  version "0.5.3"
  resolved "https://registry.yarnpkg.com/sifter/-/sifter-0.5.3.tgz#5e6507fe8c114b2b28d90b6bf4e5b636e611e48b"
  integrity sha1-XmUH/owRSyso2Qtr9OW2NuYR5Is=
  dependencies:
    async "^2.6.0"
    cardinal "^1.0.0"
    csv-parse "^2.0.0"
    humanize "^0.0.9"
    optimist "^0.6.1"

wordwrap@~0.0.2:
  version "0.0.3"
  resolved "https://registry.yarnpkg.com/wordwrap/-/wordwrap-0.0.3.tgz#a3d5da6cd5c0bc0008d37234bbaf1bed63059107"
  integrity sha1-o9XabNXAvAAI03I0u68b7WMFkQc=
