{
  "name": "js",
  "lockfileVersion": 3,
  "requires": true,
  "packages": {
    "": {
      "dependencies": {
        "@types/angular": "^1.8.9",
        "@types/codemirror": "^5.60.15",
        "@types/selectize": "^0.12.39",
        "angular-pretty-xml": "^0.1.1",
        "angular-selectizejs": "^0.1.7",
        "angular-ui-codemirror": "^0.3.0",
        "jsonformatter": "^0.7.0",
        "selectize": "^0.12.6"
      },
      "devDependencies": {
        "@tsconfig/recommended": "^1.0.7",
        "angularjs": "latest",
        "jquery": "^3.4.1",
        "typescript": "^5.5.4"
      }
    },
    "node_modules/@tsconfig/recommended": {
      "version": "1.0.7",
      "resolved": "https://registry.npmjs.org/@tsconfig/recommended/-/recommended-1.0.7.tgz",
      "integrity": "sha512-xiNMgCuoy4mCL4JTywk9XFs5xpRUcKxtWEcMR6FNMtsgewYTIgIR+nvlP4A4iRCAzRsHMnPhvTRrzp4AGcRTEA==",
      "dev": true
    },
    "node_modules/@types/angular": {
      "version": "1.8.9",
      "resolved": "https://registry.npmjs.org/@types/angular/-/angular-1.8.9.tgz",
      "integrity": "sha512-Z0HukqZkx0fotsV3QO00yqU9NzcQI+tMcrum+8MvfB4ePqCawZctF/gz6QiuII+T1ax+LitNoPx/eICTgnF4sg=="
    },
    "node_modules/@types/codemirror": {
      "version": "5.60.15",
      "resolved": "https://registry.npmjs.org/@types/codemirror/-/codemirror-5.60.15.tgz",
      "integrity": "sha512-dTOvwEQ+ouKJ/rE9LT1Ue2hmP6H1mZv5+CCnNWu2qtiOe2LQa9lCprEY20HxiDmV/Bxh+dXjywmy5aKvoGjULA==",
      "dependencies": {
        "@types/tern": "*"
      }
    },
    "node_modules/@types/estree": {
      "version": "1.0.5",
      "resolved": "https://registry.npmjs.org/@types/estree/-/estree-1.0.5.tgz",
      "integrity": "sha512-/kYRxGDLWzHOB7q+wtSUQlFrtcdUccpfy+X+9iMBpHK8QLLhx2wIPYuS5DYtR9Wa/YlZAbIovy7qVdB1Aq6Lyw=="
    },
    "node_modules/@types/selectize": {
      "version": "0.12.39",
      "resolved": "https://registry.npmjs.org/@types/selectize/-/selectize-0.12.39.tgz",
      "integrity": "sha512-ABnSEXM1MyO9ZZXl2yXLqzHcENuGh6kyXisnq87OQCubbJrMaargMYV/NPVmJA3lJGnDM6hzc1ce7yQM/RwI5g=="
    },
    "node_modules/@types/tern": {
      "version": "0.23.9",
      "resolved": "https://registry.npmjs.org/@types/tern/-/tern-0.23.9.tgz",
      "integrity": "sha512-ypzHFE/wBzh+BlH6rrBgS5I/Z7RD21pGhZ2rltb/+ZrVM1awdZwjx7hE5XfuYgHWk9uvV5HLZN3SloevCAp3Bw==",
      "dependencies": {
        "@types/estree": "*"
      }
    },
    "node_modules/angular-pretty-xml": {
      "version": "0.1.1",
      "license": "MIT"
    },
    "node_modules/angular-selectizejs": {
      "version": "0.1.7"
    },
    "node_modules/angular-ui-codemirror": {
      "version": "0.3.0",
      "license": "MIT"
    },
    "node_modules/angularjs": {
      "version": "0.0.1",
      "resolved": "https://registry.npmjs.org/angularjs/-/angularjs-0.0.1.tgz",
      "integrity": "sha512-ziiSzYguJBEGSiqy0OTM7FXUm/VJhvZuu8ORfxMQzd3scFTLZ0668S8/eS2sxgof8kl1qGlzkISd8WLc5r4cVg==",
      "dev": true
    },
    "node_modules/ansicolors": {
      "version": "0.2.1",
      "license": "MIT"
    },
    "node_modules/async": {
      "version": "2.6.3",
      "license": "MIT",
      "dependencies": {
        "lodash": "^4.17.14"
      }
    },
    "node_modules/cardinal": {
      "version": "1.0.0",
      "license": "MIT",
      "dependencies": {
        "ansicolors": "~0.2.1",
        "redeyed": "~1.0.0"
      },
      "bin": {
        "cdl": "bin/cdl.js"
      }
    },
    "node_modules/csv-parse": {
      "version": "2.5.0",
      "license": "BSD-3-Clause"
    },
    "node_modules/esprima": {
      "version": "3.0.0",
      "license": "BSD-2-Clause",
      "bin": {
        "esparse": "bin/esparse.js",
        "esvalidate": "bin/esvalidate.js"
      },
      "engines": {
        "node": ">=0.10.0"
      }
    },
    "node_modules/humanize": {
      "version": "0.0.9",
      "engines": {
        "node": "*"
      }
    },
    "node_modules/jquery": {
      "version": "3.6.0",
      "license": "MIT"
    },
    "node_modules/jsonformatter": {
      "version": "0.7.0",
      "license": "Apache-2.0"
    },
    "node_modules/lodash": {
      "version": "4.17.15",
      "license": "MIT"
    },
    "node_modules/microplugin": {
      "version": "0.0.3",
      "engines": {
        "node": "*"
      }
    },
    "node_modules/minimist": {
      "version": "0.0.10",
      "license": "MIT"
    },
    "node_modules/optimist": {
      "version": "0.6.1",
      "license": "MIT/X11",
      "dependencies": {
        "minimist": "~0.0.1",
        "wordwrap": "~0.0.2"
      }
    },
    "node_modules/redeyed": {
      "version": "1.0.1",
      "license": "MIT",
      "dependencies": {
        "esprima": "~3.0.0"
      }
    },
    "node_modules/selectize": {
      "version": "0.12.6",
      "license": "Apache-2.0",
      "dependencies": {
        "microplugin": "0.0.3",
        "sifter": "^0.5.1"
      },
      "engines": {
        "node": "*"
      },
      "peerDependencies": {
        "jquery": "^1.7.0, ^2, ^3"
      }
    },
    "node_modules/sifter": {
      "version": "0.5.3",
      "license": "Apache-2.0",
      "dependencies": {
        "async": "^2.6.0",
        "cardinal": "^1.0.0",
        "csv-parse": "^2.0.0",
        "humanize": "^0.0.9",
        "optimist": "^0.6.1"
      },
      "bin": {
        "sifter": "bin/sifter.js"
      }
    },
    "node_modules/typescript": {
      "version": "5.5.4",
      "resolved": "https://registry.npmjs.org/typescript/-/typescript-5.5.4.tgz",
      "integrity": "sha512-Mtq29sKDAEYP7aljRgtPOpTvOfbwRWlS6dPRzwjdE+C0R4brX/GUyhHSecbHMFLNBLcJIPt9nl9yG5TZ1weH+Q==",
      "dev": true,
      "bin": {
        "tsc": "bin/tsc",
        "tsserver": "bin/tsserver"
      },
      "engines": {
        "node": ">=14.17"
      }
    },
    "node_modules/wordwrap": {
      "version": "0.0.3",
      "license": "MIT",
      "engines": {
        "node": ">=0.4.0"
      }
    }
  }
}
